
Microsoft Visual Studio Solution File, Format Version 12.00
# Visual Studio Version 17
VisualStudioVersion = 17.11.35219.272
MinimumVisualStudioVersion = 10.0.40219.1
Project("{FAE04EC0-301F-11D3-BF4B-00C04F79EFBC}") = "docker-test-project", "docker-test-project\docker-test-project.csproj", "{437266EB-265A-4B54-A346-B462B285D3D1}"
EndProject
Project("{E53339B2-1760-4266-BCC7-CA923CBCF16C}") = "docker-compose", "docker-compose.dcproj", "{947E4565-28B2-49B6-80CD-089A90FFFD47}"
EndProject
Global
	GlobalSection(SolutionConfigurationPlatforms) = preSolution
		Debug|Any CPU = Debug|Any CPU
		Release|Any CPU = Release|Any CPU
	EndGlobalSection
	GlobalSection(ProjectConfigurationPlatforms) = postSolution
		{437266EB-265A-4B54-A346-B462B285D3D1}.Debug|Any CPU.ActiveCfg = Debug|Any CPU
		{437266EB-265A-4B54-A346-B462B285D3D1}.Debug|Any CPU.Build.0 = Debug|Any CPU
		{437266EB-265A-4B54-A346-B462B285D3D1}.Release|Any CPU.ActiveCfg = Release|Any CPU
		{437266EB-265A-4B54-A346-B462B285D3D1}.Release|Any CPU.Build.0 = Release|Any CPU
		{947E4565-28B2-49B6-80CD-089A90FFFD47}.Debug|Any CPU.ActiveCfg = Debug|Any CPU
		{947E4565-28B2-49B6-80CD-089A90FFFD47}.Debug|Any CPU.Build.0 = Debug|Any CPU
		{947E4565-28B2-49B6-80CD-089A90FFFD47}.Release|Any CPU.ActiveCfg = Release|Any CPU
		{947E4565-28B2-49B6-80CD-089A90FFFD47}.Release|Any CPU.Build.0 = Release|Any CPU
	EndGlobalSection
	GlobalSection(SolutionProperties) = preSolution
		HideSolutionNode = FALSE
	EndGlobalSection
	GlobalSection(ExtensibilityGlobals) = postSolution
		SolutionGuid = {F3E35D59-15CC-492B-863D-97F01A9C0424}
	EndGlobalSection
EndGlobal
